
Microsoft Visual Studio Solution File, Format Version 12.00
# Visual Studio Version 16
VisualStudioVersion = 16.0.30517.126
MinimumVisualStudioVersion = 10.0.40219.1
Project("{9A19103F-16F7-4668-BE54-9A1E7A4F7556}") = "SharpMap.BusinessObjects", "src\SharpMap.BusinessObjects\SharpMap.BusinessObjects.csproj", "{AC492306-4594-4E1E-A7B4-8982937061F8}"
EndProject
Project("{9A19103F-16F7-4668-BE54-9A1E7A4F7556}") = "SharpMap.BusinessObjects.EF6", "src\SharpMap.BusinessObjects.EF6\SharpMap.BusinessObjects.EF6.csproj", "{F2EF6114-B690-45A6-BDAD-4F362EF0BC36}"
EndProject
Project("{9A19103F-16F7-4668-BE54-9A1E7A4F7556}") = "SharpMap.BusinessObjects.MongoDB", "src\SharpMap.BusinessObjects.MongoDB\SharpMap.BusinessObjects.MongoDB.csproj", "{210F7E37-648C-426B-A0C4-101FDCB28362}"
EndProject
Project("{9A19103F-16F7-4668-BE54-9A1E7A4F7556}") = "SharpMap.BusinessObjects.MongoDB.Gtfs", "src\SharpMap.BusinessObjects.MongoDB.Gtfs\SharpMap.BusinessObjects.MongoDB.Gtfs.csproj", "{513BE777-DCCE-43A1-A727-F521C570BCFD}"
EndProject
Project("{9A19103F-16F7-4668-BE54-9A1E7A4F7556}") = "SharpMap.BusinessObjects.Tests", "test\SharpMap.BusinessObjects.Tests\SharpMap.BusinessObjects.Tests.csproj", "{6BB66868-62EA-49C7-A6F4-06B87E2BDE6D}"
EndProject
Project("{2150E333-8FDC-42A3-9474-1A3956D46DE8}") = "General", "General", "{3F947150-250D-4662-AA5D-E970C66C0C7B}"
	ProjectSection(SolutionItems) = preProject
		Directory.Build.props = Directory.Build.props
		LICENSE = LICENSE
		README.md = README.md
	EndProjectSection
EndProject
Global
	GlobalSection(SolutionConfigurationPlatforms) = preSolution
		Debug|Any CPU = Debug|Any CPU
		Release|Any CPU = Release|Any CPU
	EndGlobalSection
	GlobalSection(ProjectConfigurationPlatforms) = postSolution
		{AC492306-4594-4E1E-A7B4-8982937061F8}.Debug|Any CPU.ActiveCfg = Debug|Any CPU
		{AC492306-4594-4E1E-A7B4-8982937061F8}.Debug|Any CPU.Build.0 = Debug|Any CPU
		{AC492306-4594-4E1E-A7B4-8982937061F8}.Release|Any CPU.ActiveCfg = Release|Any CPU
		{AC492306-4594-4E1E-A7B4-8982937061F8}.Release|Any CPU.Build.0 = Release|Any CPU
		{F2EF6114-B690-45A6-BDAD-4F362EF0BC36}.Debug|Any CPU.ActiveCfg = Debug|Any CPU
		{F2EF6114-B690-45A6-BDAD-4F362EF0BC36}.Debug|Any CPU.Build.0 = Debug|Any CPU
		{F2EF6114-B690-45A6-BDAD-4F362EF0BC36}.Release|Any CPU.ActiveCfg = Release|Any CPU
		{F2EF6114-B690-45A6-BDAD-4F362EF0BC36}.Release|Any CPU.Build.0 = Release|Any CPU
		{210F7E37-648C-426B-A0C4-101FDCB28362}.Debug|Any CPU.ActiveCfg = Debug|Any CPU
		{210F7E37-648C-426B-A0C4-101FDCB28362}.Debug|Any CPU.Build.0 = Debug|Any CPU
		{210F7E37-648C-426B-A0C4-101FDCB28362}.Release|Any CPU.ActiveCfg = Release|Any CPU
		{210F7E37-648C-426B-A0C4-101FDCB28362}.Release|Any CPU.Build.0 = Release|Any CPU
		{513BE777-DCCE-43A1-A727-F521C570BCFD}.Debug|Any CPU.ActiveCfg = Debug|Any CPU
		{513BE777-DCCE-43A1-A727-F521C570BCFD}.Debug|Any CPU.Build.0 = Debug|Any CPU
		{513BE777-DCCE-43A1-A727-F521C570BCFD}.Release|Any CPU.ActiveCfg = Release|Any CPU
		{513BE777-DCCE-43A1-A727-F521C570BCFD}.Release|Any CPU.Build.0 = Release|Any CPU
		{6BB66868-62EA-49C7-A6F4-06B87E2BDE6D}.Debug|Any CPU.ActiveCfg = Debug|Any CPU
		{6BB66868-62EA-49C7-A6F4-06B87E2BDE6D}.Debug|Any CPU.Build.0 = Debug|Any CPU
		{6BB66868-62EA-49C7-A6F4-06B87E2BDE6D}.Release|Any CPU.ActiveCfg = Release|Any CPU
		{6BB66868-62EA-49C7-A6F4-06B87E2BDE6D}.Release|Any CPU.Build.0 = Release|Any CPU
	EndGlobalSection
	GlobalSection(SolutionProperties) = preSolution
		HideSolutionNode = FALSE
	EndGlobalSection
	GlobalSection(ExtensibilityGlobals) = postSolution
		SolutionGuid = {62E81D13-A020-4587-8A1A-12D59301F9FA}
	EndGlobalSection
EndGlobal
